
Microsoft Visual Studio Solution File, Format Version 12.00
# Visual Studio Version 16
VisualStudioVersion = 16.0.32126.315
MinimumVisualStudioVersion = 10.0.40219.1
Project("{FAE04EC0-301F-11D3-BF4B-00C04F79EFBC}") = "Hamburger_Acar", "Hamburger_Acar\Hamburger_Acar.csproj", "{0A934A2F-C996-41C4-B5C3-1063820D9DFF}"
EndProject
Project("{FAE04EC0-301F-11D3-BF4B-00C04F79EFBC}") = "Classes", "Classes\Classes.csproj", "{4B3C6925-0FA4-4AA1-A151-5F9CFCA40AC5}"
EndProject
Global
	GlobalSection(SolutionConfigurationPlatforms) = preSolution
		Debug|Any CPU = Debug|Any CPU
		Release|Any CPU = Release|Any CPU
	EndGlobalSection
	GlobalSection(ProjectConfigurationPlatforms) = postSolution
		{0A934A2F-C996-41C4-B5C3-1063820D9DFF}.Debug|Any CPU.ActiveCfg = Debug|Any CPU
		{0A934A2F-C996-41C4-B5C3-1063820D9DFF}.Debug|Any CPU.Build.0 = Debug|Any CPU
		{0A934A2F-C996-41C4-B5C3-1063820D9DFF}.Release|Any CPU.ActiveCfg = Release|Any CPU
		{0A934A2F-C996-41C4-B5C3-1063820D9DFF}.Release|Any CPU.Build.0 = Release|Any CPU
		{4B3C6925-0FA4-4AA1-A151-5F9CFCA40AC5}.Debug|Any CPU.ActiveCfg = Debug|Any CPU
		{4B3C6925-0FA4-4AA1-A151-5F9CFCA40AC5}.Debug|Any CPU.Build.0 = Debug|Any CPU
		{4B3C6925-0FA4-4AA1-A151-5F9CFCA40AC5}.Release|Any CPU.ActiveCfg = Release|Any CPU
		{4B3C6925-0FA4-4AA1-A151-5F9CFCA40AC5}.Release|Any CPU.Build.0 = Release|Any CPU
	EndGlobalSection
	GlobalSection(SolutionProperties) = preSolution
		HideSolutionNode = FALSE
	EndGlobalSection
	GlobalSection(ExtensibilityGlobals) = postSolution
		SolutionGuid = {E0A4523E-B076-4FCD-ACB2-6C1D7DCA8234}
	EndGlobalSection
EndGlobal
